// !$*UTF8*$!
{
	archiveVersion = 1;
	classes = {
	};
	objectVersion = 50;
	objects = {

/* Begin PBXBuildFile section */
		B34F50A824B714C200FED5C3 /* SurveyTask.swift in Sources */ = {isa = PBXBuildFile; fileRef = B34F50A724B714C200FED5C3 /* SurveyTask.swift */; };
		B3733AD024C079F40022C3A0 /* StepCalculatorHelper.swift in Sources */ = {isa = PBXBuildFile; fileRef = B3733ACF24C079F40022C3A0 /* StepCalculatorHelper.swift */; };
		B385224D24C1A00D0056D34F /* DashboardViewController.swift in Sources */ = {isa = PBXBuildFile; fileRef = B385224C24C1A00D0056D34F /* DashboardViewController.swift */; };
		B385224F24C1B5B00056D34F /* DiscreteGraphDataSource.swift in Sources */ = {isa = PBXBuildFile; fileRef = B385224E24C1B5B00056D34F /* DiscreteGraphDataSource.swift */; };
		B38CF0E124B7377D00896774 /* ResearchContainerViewController.swift in Sources */ = {isa = PBXBuildFile; fileRef = B38CF0E024B7377D00896774 /* ResearchContainerViewController.swift */; };
		B38CF0E624B7384200896774 /* ResearchContainerSegue.swift in Sources */ = {isa = PBXBuildFile; fileRef = B38CF0E524B7384200896774 /* ResearchContainerSegue.swift */; };
		B38CF0E824B7391A00896774 /* HealthClientType.swift in Sources */ = {isa = PBXBuildFile; fileRef = B38CF0E724B7391A00896774 /* HealthClientType.swift */; };
		B38CF0EA24B7395800896774 /* WithdrawViewController.swift in Sources */ = {isa = PBXBuildFile; fileRef = B38CF0E924B7395800896774 /* WithdrawViewController.swift */; };
		B38CF0EE24B73AD000896774 /* OnboardingViewController.swift in Sources */ = {isa = PBXBuildFile; fileRef = B38CF0ED24B73AD000896774 /* OnboardingViewController.swift */; };
		B38CF0F224B73DCA00896774 /* HealthDataStep.swift in Sources */ = {isa = PBXBuildFile; fileRef = B38CF0F124B73DCA00896774 /* HealthDataStep.swift */; };
		B38CF0F724B73DDE00896774 /* HealthDataStepViewController.swift in Sources */ = {isa = PBXBuildFile; fileRef = B38CF0F624B73DDE00896774 /* HealthDataStepViewController.swift */; };
		B38CF0F924B746E600896774 /* ConsentDocument.swift in Sources */ = {isa = PBXBuildFile; fileRef = B38CF0F824B746E600896774 /* ConsentDocument.swift */; };
		B38CF0FB24B7477600896774 /* HealthKit.framework in Frameworks */ = {isa = PBXBuildFile; fileRef = B38CF0FA24B7477600896774 /* HealthKit.framework */; };
		B38CF10024B74D3600896774 /* HKHealthStore+Queries.swift in Sources */ = {isa = PBXBuildFile; fileRef = B38CF0FF24B74D3600896774 /* HKHealthStore+Queries.swift */; };
		B3A052F824AF276E00FB801B /* ResearchKit.framework in Frameworks */ = {isa = PBXBuildFile; fileRef = B3A052F424AF276900FB801B /* ResearchKit.framework */; };
		B3A052F924AF276F00FB801B /* ResearchKit.framework in Embed Frameworks */ = {isa = PBXBuildFile; fileRef = B3A052F424AF276900FB801B /* ResearchKit.framework */; settings = {ATTRIBUTES = (CodeSignOnCopy, RemoveHeadersOnCopy, ); }; };
		B3C182FF24B08D2800FEFC65 /* TaskViewController.swift in Sources */ = {isa = PBXBuildFile; fileRef = B3C182FE24B08D2800FEFC65 /* TaskViewController.swift */; };
		B3C1830124B0B46800FEFC65 /* PersonalViewController.swift in Sources */ = {isa = PBXBuildFile; fileRef = B3C1830024B0B46800FEFC65 /* PersonalViewController.swift */; };
		B3C4111724AF26AC00442787 /* AppDelegate.swift in Sources */ = {isa = PBXBuildFile; fileRef = B3C4111624AF26AC00442787 /* AppDelegate.swift */; };
		B3C4111E24AF26AC00442787 /* Main.storyboard in Resources */ = {isa = PBXBuildFile; fileRef = B3C4111C24AF26AC00442787 /* Main.storyboard */; };
		B3C4112124AF26AC00442787 /* Masterthesis.xcdatamodeld in Sources */ = {isa = PBXBuildFile; fileRef = B3C4111F24AF26AC00442787 /* Masterthesis.xcdatamodeld */; };
		B3C4112324AF26AE00442787 /* Assets.xcassets in Resources */ = {isa = PBXBuildFile; fileRef = B3C4112224AF26AE00442787 /* Assets.xcassets */; };
		B3C4112624AF26AE00442787 /* LaunchScreen.storyboard in Resources */ = {isa = PBXBuildFile; fileRef = B3C4112424AF26AE00442787 /* LaunchScreen.storyboard */; };
/* End PBXBuildFile section */

/* Begin PBXContainerItemProxy section */
		B3A052F324AF276900FB801B /* PBXContainerItemProxy */ = {
			isa = PBXContainerItemProxy;
			containerPortal = B3A052ED24AF276800FB801B /* ResearchKit.xcodeproj */;
			proxyType = 2;
			remoteGlobalIDString = B183A5951A8535D100C76870;
			remoteInfo = ResearchKit;
		};
		B3A052F524AF276900FB801B /* PBXContainerItemProxy */ = {
			isa = PBXContainerItemProxy;
			containerPortal = B3A052ED24AF276800FB801B /* ResearchKit.xcodeproj */;
			proxyType = 2;
			remoteGlobalIDString = 86CC8E9A1AC09332001CCD89;
			remoteInfo = ResearchKitTests;
		};
/* End PBXContainerItemProxy section */

/* Begin PBXCopyFilesBuildPhase section */
		B3A052FA24AF276F00FB801B /* Embed Frameworks */ = {
			isa = PBXCopyFilesBuildPhase;
			buildActionMask = 2147483647;
			dstPath = "";
			dstSubfolderSpec = 10;
			files = (
				B3A052F924AF276F00FB801B /* ResearchKit.framework in Embed Frameworks */,
			);
			name = "Embed Frameworks";
			runOnlyForDeploymentPostprocessing = 0;
		};
/* End PBXCopyFilesBuildPhase section */

/* Begin PBXFileReference section */
		B34F50A724B714C200FED5C3 /* SurveyTask.swift */ = {isa = PBXFileReference; lastKnownFileType = sourcecode.swift; path = SurveyTask.swift; sourceTree = "<group>"; };
		B3733ACF24C079F40022C3A0 /* StepCalculatorHelper.swift */ = {isa = PBXFileReference; lastKnownFileType = sourcecode.swift; path = StepCalculatorHelper.swift; sourceTree = "<group>"; };
		B385224C24C1A00D0056D34F /* DashboardViewController.swift */ = {isa = PBXFileReference; lastKnownFileType = sourcecode.swift; path = DashboardViewController.swift; sourceTree = "<group>"; };
		B385224E24C1B5B00056D34F /* DiscreteGraphDataSource.swift */ = {isa = PBXFileReference; lastKnownFileType = sourcecode.swift; path = DiscreteGraphDataSource.swift; sourceTree = "<group>"; };
		B38CF0E024B7377D00896774 /* ResearchContainerViewController.swift */ = {isa = PBXFileReference; lastKnownFileType = sourcecode.swift; path = ResearchContainerViewController.swift; sourceTree = "<group>"; };
		B38CF0E524B7384200896774 /* ResearchContainerSegue.swift */ = {isa = PBXFileReference; lastKnownFileType = sourcecode.swift; path = ResearchContainerSegue.swift; sourceTree = "<group>"; };
		B38CF0E724B7391A00896774 /* HealthClientType.swift */ = {isa = PBXFileReference; lastKnownFileType = sourcecode.swift; path = HealthClientType.swift; sourceTree = "<group>"; };
		B38CF0E924B7395800896774 /* WithdrawViewController.swift */ = {isa = PBXFileReference; lastKnownFileType = sourcecode.swift; path = WithdrawViewController.swift; sourceTree = "<group>"; };
		B38CF0ED24B73AD000896774 /* OnboardingViewController.swift */ = {isa = PBXFileReference; lastKnownFileType = sourcecode.swift; path = OnboardingViewController.swift; sourceTree = "<group>"; };
		B38CF0F124B73DCA00896774 /* HealthDataStep.swift */ = {isa = PBXFileReference; lastKnownFileType = sourcecode.swift; path = HealthDataStep.swift; sourceTree = "<group>"; };
		B38CF0F624B73DDE00896774 /* HealthDataStepViewController.swift */ = {isa = PBXFileReference; lastKnownFileType = sourcecode.swift; path = HealthDataStepViewController.swift; sourceTree = "<group>"; };
		B38CF0F824B746E600896774 /* ConsentDocument.swift */ = {isa = PBXFileReference; lastKnownFileType = sourcecode.swift; path = ConsentDocument.swift; sourceTree = "<group>"; };
		B38CF0FA24B7477600896774 /* HealthKit.framework */ = {isa = PBXFileReference; lastKnownFileType = wrapper.framework; name = HealthKit.framework; path = System/Library/Frameworks/HealthKit.framework; sourceTree = SDKROOT; };
		B38CF0FE24B7483C00896774 /* Masterthesis.entitlements */ = {isa = PBXFileReference; lastKnownFileType = text.plist.entitlements; path = Masterthesis.entitlements; sourceTree = "<group>"; };
		B38CF0FF24B74D3600896774 /* HKHealthStore+Queries.swift */ = {isa = PBXFileReference; lastKnownFileType = sourcecode.swift; path = "HKHealthStore+Queries.swift"; sourceTree = "<group>"; };
		B39B1C3B24AF5BA700DEF452 /* de */ = {isa = PBXFileReference; lastKnownFileType = text.plist.strings; name = de; path = de.lproj/Main.strings; sourceTree = "<group>"; };
		B39B1C3F24AF5BA700DEF452 /* de */ = {isa = PBXFileReference; lastKnownFileType = text.plist.strings; name = de; path = de.lproj/LaunchScreen.strings; sourceTree = "<group>"; };
		B3A052ED24AF276800FB801B /* ResearchKit.xcodeproj */ = {isa = PBXFileReference; lastKnownFileType = "wrapper.pb-project"; name = ResearchKit.xcodeproj; path = "../../../Downloads/ResearchKit-master-2/ResearchKit.xcodeproj"; sourceTree = "<group>"; };
		B3C182FE24B08D2800FEFC65 /* TaskViewController.swift */ = {isa = PBXFileReference; lastKnownFileType = sourcecode.swift; path = TaskViewController.swift; sourceTree = "<group>"; };
		B3C1830024B0B46800FEFC65 /* PersonalViewController.swift */ = {isa = PBXFileReference; lastKnownFileType = sourcecode.swift; path = PersonalViewController.swift; sourceTree = "<group>"; };
		B3C4111324AF26AC00442787 /* Masterthesis.app */ = {isa = PBXFileReference; explicitFileType = wrapper.application; includeInIndex = 0; path = Masterthesis.app; sourceTree = BUILT_PRODUCTS_DIR; };
		B3C4111624AF26AC00442787 /* AppDelegate.swift */ = {isa = PBXFileReference; lastKnownFileType = sourcecode.swift; path = AppDelegate.swift; sourceTree = "<group>"; };
		B3C4111D24AF26AC00442787 /* Base */ = {isa = PBXFileReference; lastKnownFileType = file.storyboard; name = Base; path = Base.lproj/Main.storyboard; sourceTree = "<group>"; };
		B3C4112024AF26AC00442787 /* Masterthesis.xcdatamodel */ = {isa = PBXFileReference; lastKnownFileType = wrapper.xcdatamodel; path = Masterthesis.xcdatamodel; sourceTree = "<group>"; };
		B3C4112224AF26AE00442787 /* Assets.xcassets */ = {isa = PBXFileReference; lastKnownFileType = folder.assetcatalog; path = Assets.xcassets; sourceTree = "<group>"; };
		B3C4112524AF26AE00442787 /* Base */ = {isa = PBXFileReference; lastKnownFileType = file.storyboard; name = Base; path = Base.lproj/LaunchScreen.storyboard; sourceTree = "<group>"; };
		B3C4112724AF26AE00442787 /* Info.plist */ = {isa = PBXFileReference; lastKnownFileType = text.plist.xml; path = Info.plist; sourceTree = "<group>"; };
/* End PBXFileReference section */

/* Begin PBXFrameworksBuildPhase section */
		B3C4111024AF26AC00442787 /* Frameworks */ = {
			isa = PBXFrameworksBuildPhase;
			buildActionMask = 2147483647;
			files = (
				B3A052F824AF276E00FB801B /* ResearchKit.framework in Frameworks */,
				B38CF0FB24B7477600896774 /* HealthKit.framework in Frameworks */,
			);
			runOnlyForDeploymentPostprocessing = 0;
		};
/* End PBXFrameworksBuildPhase section */

/* Begin PBXGroup section */
		B385224A24C19D580056D34F /* Helper */ = {
			isa = PBXGroup;
			children = (
				B3733ACF24C079F40022C3A0 /* StepCalculatorHelper.swift */,
			);
			path = Helper;
			sourceTree = "<group>";
		};
		B3A052EE24AF276800FB801B /* Products */ = {
			isa = PBXGroup;
			children = (
				B3A052F424AF276900FB801B /* ResearchKit.framework */,
				B3A052F624AF276900FB801B /* ResearchKitTests.xctest */,
			);
			name = Products;
			sourceTree = "<group>";
		};
		B3A052F724AF276E00FB801B /* Frameworks */ = {
			isa = PBXGroup;
			children = (
				B38CF0FA24B7477600896774 /* HealthKit.framework */,
			);
			name = Frameworks;
			sourceTree = "<group>";
		};
		B3B34FC024B8680D00DA2978 /* Onboarding */ = {
			isa = PBXGroup;
			children = (
				B38CF0ED24B73AD000896774 /* OnboardingViewController.swift */,
			);
			path = Onboarding;
			sourceTree = "<group>";
		};
		B3B34FC124B8682500DA2978 /* Withdrawal */ = {
			isa = PBXGroup;
			children = (
				B38CF0E924B7395800896774 /* WithdrawViewController.swift */,
			);
			path = Withdrawal;
			sourceTree = "<group>";
		};
		B3B34FC224B8685200DA2978 /* Steps */ = {
			isa = PBXGroup;
			children = (
				B38CF0F624B73DDE00896774 /* HealthDataStepViewController.swift */,
				B38CF0F824B746E600896774 /* ConsentDocument.swift */,
				B38CF0F124B73DCA00896774 /* HealthDataStep.swift */,
			);
			path = Steps;
			sourceTree = "<group>";
		};
		B3B34FC324B8686000DA2978 /* Protocols */ = {
			isa = PBXGroup;
			children = (
				B38CF0E724B7391A00896774 /* HealthClientType.swift */,
			);
			path = Protocols;
			sourceTree = "<group>";
		};
		B3C4110A24AF26AC00442787 = {
			isa = PBXGroup;
			children = (
				B3A052ED24AF276800FB801B /* ResearchKit.xcodeproj */,
				B3A052F724AF276E00FB801B /* Frameworks */,
				B3C4111524AF26AC00442787 /* Masterthesis */,
				B3C4111424AF26AC00442787 /* Products */,
			);
			sourceTree = "<group>";
		};
		B3C4111424AF26AC00442787 /* Products */ = {
			isa = PBXGroup;
			children = (
				B3C4111324AF26AC00442787 /* Masterthesis.app */,
			);
			name = Products;
			sourceTree = "<group>";
		};
		B3C4111524AF26AC00442787 /* Masterthesis */ = {
			isa = PBXGroup;
			children = (
				B38CF0FE24B7483C00896774 /* Masterthesis.entitlements */,
				B385224A24C19D580056D34F /* Helper */,
				B3C4111624AF26AC00442787 /* AppDelegate.swift */,
				B38CF0E024B7377D00896774 /* ResearchContainerViewController.swift */,
				B38CF0E524B7384200896774 /* ResearchContainerSegue.swift */,
				B385224C24C1A00D0056D34F /* DashboardViewController.swift */,
				B385224E24C1B5B00056D34F /* DiscreteGraphDataSource.swift */,
				B3C182FE24B08D2800FEFC65 /* TaskViewController.swift */,
				B3C1830024B0B46800FEFC65 /* PersonalViewController.swift */,
				B3B34FC024B8680D00DA2978 /* Onboarding */,
				B3B34FC224B8685200DA2978 /* Steps */,
				B34F50A724B714C200FED5C3 /* SurveyTask.swift */,
				B3B34FC124B8682500DA2978 /* Withdrawal */,
				B3B34FC324B8686000DA2978 /* Protocols */,
				B38CF0FF24B74D3600896774 /* HKHealthStore+Queries.swift */,
				B3C4111C24AF26AC00442787 /* Main.storyboard */,
				B3C4112224AF26AE00442787 /* Assets.xcassets */,
				B3C4112424AF26AE00442787 /* LaunchScreen.storyboard */,
				B3C4112724AF26AE00442787 /* Info.plist */,
				B3C4111F24AF26AC00442787 /* Masterthesis.xcdatamodeld */,
			);
			path = Masterthesis;
			sourceTree = "<group>";
		};
/* End PBXGroup section */

/* Begin PBXNativeTarget section */
		B3C4111224AF26AC00442787 /* Masterthesis */ = {
			isa = PBXNativeTarget;
			buildConfigurationList = B3C4112A24AF26AE00442787 /* Build configuration list for PBXNativeTarget "Masterthesis" */;
			buildPhases = (
				B3C4110F24AF26AC00442787 /* Sources */,
				B3C4111024AF26AC00442787 /* Frameworks */,
				B3C4111124AF26AC00442787 /* Resources */,
				B3A052FA24AF276F00FB801B /* Embed Frameworks */,
			);
			buildRules = (
			);
			dependencies = (
			);
			name = Masterthesis;
			productName = Masterthesis;
			productReference = B3C4111324AF26AC00442787 /* Masterthesis.app */;
			productType = "com.apple.product-type.application";
		};
/* End PBXNativeTarget section */

/* Begin PBXProject section */
		B3C4110B24AF26AC00442787 /* Project object */ = {
			isa = PBXProject;
			attributes = {
				LastSwiftUpdateCheck = 1150;
				LastUpgradeCheck = 1150;
				ORGANIZATIONNAME = "Ümit Gül";
				TargetAttributes = {
					B3C4111224AF26AC00442787 = {
						CreatedOnToolsVersion = 11.5;
					};
				};
			};
			buildConfigurationList = B3C4110E24AF26AC00442787 /* Build configuration list for PBXProject "Masterthesis" */;
			compatibilityVersion = "Xcode 9.3";
			developmentRegion = en;
			hasScannedForEncodings = 0;
			knownRegions = (
				en,
				Base,
				de,
			);
			mainGroup = B3C4110A24AF26AC00442787;
			productRefGroup = B3C4111424AF26AC00442787 /* Products */;
			projectDirPath = "";
			projectReferences = (
				{
					ProductGroup = B3A052EE24AF276800FB801B /* Products */;
					ProjectRef = B3A052ED24AF276800FB801B /* ResearchKit.xcodeproj */;
				},
			);
			projectRoot = "";
			targets = (
				B3C4111224AF26AC00442787 /* Masterthesis */,
			);
		};
/* End PBXProject section */

/* Begin PBXReferenceProxy section */
		B3A052F424AF276900FB801B /* ResearchKit.framework */ = {
			isa = PBXReferenceProxy;
			fileType = wrapper.framework;
			path = ResearchKit.framework;
			remoteRef = B3A052F324AF276900FB801B /* PBXContainerItemProxy */;
			sourceTree = BUILT_PRODUCTS_DIR;
		};
		B3A052F624AF276900FB801B /* ResearchKitTests.xctest */ = {
			isa = PBXReferenceProxy;
			fileType = wrapper.cfbundle;
			path = ResearchKitTests.xctest;
			remoteRef = B3A052F524AF276900FB801B /* PBXContainerItemProxy */;
			sourceTree = BUILT_PRODUCTS_DIR;
		};
/* End PBXReferenceProxy section */

/* Begin PBXResourcesBuildPhase section */
		B3C4111124AF26AC00442787 /* Resources */ = {
			isa = PBXResourcesBuildPhase;
			buildActionMask = 2147483647;
			files = (
				B3C4112624AF26AE00442787 /* LaunchScreen.storyboard in Resources */,
				B3C4112324AF26AE00442787 /* Assets.xcassets in Resources */,
				B3C4111E24AF26AC00442787 /* Main.storyboard in Resources */,
			);
			runOnlyForDeploymentPostprocessing = 0;
		};
/* End PBXResourcesBuildPhase section */

/* Begin PBXSourcesBuildPhase section */
		B3C4110F24AF26AC00442787 /* Sources */ = {
			isa = PBXSourcesBuildPhase;
			buildActionMask = 2147483647;
			files = (
				B38CF0E824B7391A00896774 /* HealthClientType.swift in Sources */,
				B385224D24C1A00D0056D34F /* DashboardViewController.swift in Sources */,
				B38CF10024B74D3600896774 /* HKHealthStore+Queries.swift in Sources */,
				B385224F24C1B5B00056D34F /* DiscreteGraphDataSource.swift in Sources */,
				B38CF0F724B73DDE00896774 /* HealthDataStepViewController.swift in Sources */,
				B3C182FF24B08D2800FEFC65 /* TaskViewController.swift in Sources */,
				B3C1830124B0B46800FEFC65 /* PersonalViewController.swift in Sources */,
				B38CF0EA24B7395800896774 /* WithdrawViewController.swift in Sources */,
				B38CF0EE24B73AD000896774 /* OnboardingViewController.swift in Sources */,
				B3C4112124AF26AC00442787 /* Masterthesis.xcdatamodeld in Sources */,
				B38CF0F924B746E600896774 /* ConsentDocument.swift in Sources */,
				B34F50A824B714C200FED5C3 /* SurveyTask.swift in Sources */,
				B38CF0F224B73DCA00896774 /* HealthDataStep.swift in Sources */,
				B38CF0E624B7384200896774 /* ResearchContainerSegue.swift in Sources */,
				B3C4111724AF26AC00442787 /* AppDelegate.swift in Sources */,
				B3733AD024C079F40022C3A0 /* StepCalculatorHelper.swift in Sources */,
				B38CF0E124B7377D00896774 /* ResearchContainerViewController.swift in Sources */,
			);
			runOnlyForDeploymentPostprocessing = 0;
		};
/* End PBXSourcesBuildPhase section */

/* Begin PBXVariantGroup section */
		B3C4111C24AF26AC00442787 /* Main.storyboard */ = {
			isa = PBXVariantGroup;
			children = (
				B3C4111D24AF26AC00442787 /* Base */,
				B39B1C3B24AF5BA700DEF452 /* de */,
			);
			name = Main.storyboard;
			sourceTree = "<group>";
		};
		B3C4112424AF26AE00442787 /* LaunchScreen.storyboard */ = {
			isa = PBXVariantGroup;
			children = (
				B3C4112524AF26AE00442787 /* Base */,
				B39B1C3F24AF5BA700DEF452 /* de */,
			);
			name = LaunchScreen.storyboard;
			sourceTree = "<group>";
		};
/* End PBXVariantGroup section */

/* Begin XCBuildConfiguration section */
		B3C4112824AF26AE00442787 /* Debug */ = {
			isa = XCBuildConfiguration;
			buildSettings = {
				ALWAYS_SEARCH_USER_PATHS = NO;
				CLANG_ANALYZER_LOCALIZABILITY_NONLOCALIZED = YES;
				CLANG_ANALYZER_NONNULL = YES;
				CLANG_ANALYZER_NUMBER_OBJECT_CONVERSION = YES_AGGRESSIVE;
				CLANG_CXX_LANGUAGE_STANDARD = "gnu++14";
				CLANG_CXX_LIBRARY = "libc++";
				CLANG_ENABLE_MODULES = YES;
				CLANG_ENABLE_OBJC_ARC = YES;
				CLANG_ENABLE_OBJC_WEAK = YES;
				CLANG_WARN_BLOCK_CAPTURE_AUTORELEASING = YES;
				CLANG_WARN_BOOL_CONVERSION = YES;
				CLANG_WARN_COMMA = YES;
				CLANG_WARN_CONSTANT_CONVERSION = YES;
				CLANG_WARN_DEPRECATED_OBJC_IMPLEMENTATIONS = YES;
				CLANG_WARN_DIRECT_OBJC_ISA_USAGE = YES_ERROR;
				CLANG_WARN_DOCUMENTATION_COMMENTS = YES;
				CLANG_WARN_EMPTY_BODY = YES;
				CLANG_WARN_ENUM_CONVERSION = YES;
				CLANG_WARN_INFINITE_RECURSION = YES;
				CLANG_WARN_INT_CONVERSION = YES;
				CLANG_WARN_NON_LITERAL_NULL_CONVERSION = YES;
				CLANG_WARN_OBJC_IMPLICIT_RETAIN_SELF = YES;
				CLANG_WARN_OBJC_LITERAL_CONVERSION = YES;
				CLANG_WARN_OBJC_ROOT_CLASS = YES_ERROR;
				CLANG_WARN_RANGE_LOOP_ANALYSIS = YES;
				CLANG_WARN_STRICT_PROTOTYPES = YES;
				CLANG_WARN_SUSPICIOUS_MOVE = YES;
				CLANG_WARN_UNGUARDED_AVAILABILITY = YES_AGGRESSIVE;
				CLANG_WARN_UNREACHABLE_CODE = YES;
				CLANG_WARN__DUPLICATE_METHOD_MATCH = YES;
				COPY_PHASE_STRIP = NO;
				DEBUG_INFORMATION_FORMAT = dwarf;
				ENABLE_STRICT_OBJC_MSGSEND = YES;
				ENABLE_TESTABILITY = YES;
				GCC_C_LANGUAGE_STANDARD = gnu11;
				GCC_DYNAMIC_NO_PIC = NO;
				GCC_NO_COMMON_BLOCKS = YES;
				GCC_OPTIMIZATION_LEVEL = 0;
				GCC_PREPROCESSOR_DEFINITIONS = (
					"DEBUG=1",
					"$(inherited)",
				);
				GCC_WARN_64_TO_32_BIT_CONVERSION = YES;
				GCC_WARN_ABOUT_RETURN_TYPE = YES_ERROR;
				GCC_WARN_UNDECLARED_SELECTOR = YES;
				GCC_WARN_UNINITIALIZED_AUTOS = YES_AGGRESSIVE;
				GCC_WARN_UNUSED_FUNCTION = YES;
				GCC_WARN_UNUSED_VARIABLE = YES;
				IPHONEOS_DEPLOYMENT_TARGET = 12.0;
				MTL_ENABLE_DEBUG_INFO = INCLUDE_SOURCE;
				MTL_FAST_MATH = YES;
				ONLY_ACTIVE_ARCH = YES;
				SDKROOT = iphoneos;
				SWIFT_ACTIVE_COMPILATION_CONDITIONS = DEBUG;
				SWIFT_OPTIMIZATION_LEVEL = "-Onone";
			};
			name = Debug;
		};
		B3C4112924AF26AE00442787 /* Release */ = {
			isa = XCBuildConfiguration;
			buildSettings = {
				ALWAYS_SEARCH_USER_PATHS = NO;
				CLANG_ANALYZER_LOCALIZABILITY_NONLOCALIZED = YES;
				CLANG_ANALYZER_NONNULL = YES;
				CLANG_ANALYZER_NUMBER_OBJECT_CONVERSION = YES_AGGRESSIVE;
				CLANG_CXX_LANGUAGE_STANDARD = "gnu++14";
				CLANG_CXX_LIBRARY = "libc++";
				CLANG_ENABLE_MODULES = YES;
				CLANG_ENABLE_OBJC_ARC = YES;
				CLANG_ENABLE_OBJC_WEAK = YES;
				CLANG_WARN_BLOCK_CAPTURE_AUTORELEASING = YES;
				CLANG_WARN_BOOL_CONVERSION = YES;
				CLANG_WARN_COMMA = YES;
				CLANG_WARN_CONSTANT_CONVERSION = YES;
				CLANG_WARN_DEPRECATED_OBJC_IMPLEMENTATIONS = YES;
				CLANG_WARN_DIRECT_OBJC_ISA_USAGE = YES_ERROR;
				CLANG_WARN_DOCUMENTATION_COMMENTS = YES;
				CLANG_WARN_EMPTY_BODY = YES;
				CLANG_WARN_ENUM_CONVERSION = YES;
				CLANG_WARN_INFINITE_RECURSION = YES;
				CLANG_WARN_INT_CONVERSION = YES;
				CLANG_WARN_NON_LITERAL_NULL_CONVERSION = YES;
				CLANG_WARN_OBJC_IMPLICIT_RETAIN_SELF = YES;
				CLANG_WARN_OBJC_LITERAL_CONVERSION = YES;
				CLANG_WARN_OBJC_ROOT_CLASS = YES_ERROR;
				CLANG_WARN_RANGE_LOOP_ANALYSIS = YES;
				CLANG_WARN_STRICT_PROTOTYPES = YES;
				CLANG_WARN_SUSPICIOUS_MOVE = YES;
				CLANG_WARN_UNGUARDED_AVAILABILITY = YES_AGGRESSIVE;
				CLANG_WARN_UNREACHABLE_CODE = YES;
				CLANG_WARN__DUPLICATE_METHOD_MATCH = YES;
				COPY_PHASE_STRIP = NO;
				DEBUG_INFORMATION_FORMAT = "dwarf-with-dsym";
				ENABLE_NS_ASSERTIONS = NO;
				ENABLE_STRICT_OBJC_MSGSEND = YES;
				GCC_C_LANGUAGE_STANDARD = gnu11;
				GCC_NO_COMMON_BLOCKS = YES;
				GCC_WARN_64_TO_32_BIT_CONVERSION = YES;
				GCC_WARN_ABOUT_RETURN_TYPE = YES_ERROR;
				GCC_WARN_UNDECLARED_SELECTOR = YES;
				GCC_WARN_UNINITIALIZED_AUTOS = YES_AGGRESSIVE;
				GCC_WARN_UNUSED_FUNCTION = YES;
				GCC_WARN_UNUSED_VARIABLE = YES;
				IPHONEOS_DEPLOYMENT_TARGET = 12.0;
				MTL_ENABLE_DEBUG_INFO = NO;
				MTL_FAST_MATH = YES;
				SDKROOT = iphoneos;
				SWIFT_COMPILATION_MODE = wholemodule;
				SWIFT_OPTIMIZATION_LEVEL = "-O";
				VALIDATE_PRODUCT = YES;
			};
			name = Release;
		};
		B3C4112B24AF26AE00442787 /* Debug */ = {
			isa = XCBuildConfiguration;
			buildSettings = {
				ASSETCATALOG_COMPILER_APPICON_NAME = AppIcon;
				CODE_SIGN_ENTITLEMENTS = Masterthesis/Masterthesis.entitlements;
				CODE_SIGN_STYLE = Automatic;
				CURRENT_PROJECT_VERSION = 5;
				DEVELOPMENT_TEAM = YLGTKU7SLK;
				INFOPLIST_FILE = Masterthesis/Info.plist;
				LD_RUNPATH_SEARCH_PATHS = (
					"$(inherited)",
					"@executable_path/Frameworks",
				);
				MARKETING_VERSION = 0.1;
				PRODUCT_BUNDLE_IDENTIFIER = com.masterthesis;
				PRODUCT_NAME = "$(TARGET_NAME)";
				SWIFT_VERSION = 5.0;
				TARGETED_DEVICE_FAMILY = 1;
			};
			name = Debug;
		};
		B3C4112C24AF26AE00442787 /* Release */ = {
			isa = XCBuildConfiguration;
			buildSettings = {
				ASSETCATALOG_COMPILER_APPICON_NAME = AppIcon;
				CODE_SIGN_ENTITLEMENTS = Masterthesis/Masterthesis.entitlements;
				CODE_SIGN_STYLE = Automatic;
				CURRENT_PROJECT_VERSION = 5;
				DEVELOPMENT_TEAM = YLGTKU7SLK;
				INFOPLIST_FILE = Masterthesis/Info.plist;
				LD_RUNPATH_SEARCH_PATHS = (
					"$(inherited)",
					"@executable_path/Frameworks",
				);
				MARKETING_VERSION = 0.1;
				PRODUCT_BUNDLE_IDENTIFIER = com.masterthesis;
				PRODUCT_NAME = "$(TARGET_NAME)";
				SWIFT_VERSION = 5.0;
				TARGETED_DEVICE_FAMILY = 1;
			};
			name = Release;
		};
/* End XCBuildConfiguration section */

/* Begin XCConfigurationList section */
		B3C4110E24AF26AC00442787 /* Build configuration list for PBXProject "Masterthesis" */ = {
			isa = XCConfigurationList;
			buildConfigurations = (
				B3C4112824AF26AE00442787 /* Debug */,
				B3C4112924AF26AE00442787 /* Release */,
			);
			defaultConfigurationIsVisible = 0;
			defaultConfigurationName = Release;
		};
		B3C4112A24AF26AE00442787 /* Build configuration list for PBXNativeTarget "Masterthesis" */ = {
			isa = XCConfigurationList;
			buildConfigurations = (
				B3C4112B24AF26AE00442787 /* Debug */,
				B3C4112C24AF26AE00442787 /* Release */,
			);
			defaultConfigurationIsVisible = 0;
			defaultConfigurationName = Release;
		};
/* End XCConfigurationList section */

/* Begin XCVersionGroup section */
		B3C4111F24AF26AC00442787 /* Masterthesis.xcdatamodeld */ = {
			isa = XCVersionGroup;
			children = (
				B3C4112024AF26AC00442787 /* Masterthesis.xcdatamodel */,
			);
			currentVersion = B3C4112024AF26AC00442787 /* Masterthesis.xcdatamodel */;
			path = Masterthesis.xcdatamodeld;
			sourceTree = "<group>";
			versionGroupType = wrapper.xcdatamodel;
		};
/* End XCVersionGroup section */
	};
	rootObject = B3C4110B24AF26AC00442787 /* Project object */;
}
